
Microsoft Visual Studio Solution File, Format Version 12.00
# Visual Studio 14
VisualStudioVersion = 14.0.25123.0
MinimumVisualStudioVersion = 10.0.40219.1
Project("{FAE04EC0-301F-11D3-BF4B-00C04F79EFBC}") = "Decimal to binary", "Decimal to binary\Decimal to binary.csproj", "{B7862752-05D6-4A4F-A133-3853FDE0C087}"
EndProject
Global
	GlobalSection(SolutionConfigurationPlatforms) = preSolution
		Debug|Any CPU = Debug|Any CPU
		Release|Any CPU = Release|Any CPU
	EndGlobalSection
	GlobalSection(ProjectConfigurationPlatforms) = postSolution
		{B7862752-05D6-4A4F-A133-3853FDE0C087}.Debug|Any CPU.ActiveCfg = Debug|Any CPU
		{B7862752-05D6-4A4F-A133-3853FDE0C087}.Debug|Any CPU.Build.0 = Debug|Any CPU
		{B7862752-05D6-4A4F-A133-3853FDE0C087}.Release|Any CPU.ActiveCfg = Release|Any CPU
		{B7862752-05D6-4A4F-A133-3853FDE0C087}.Release|Any CPU.Build.0 = Release|Any CPU
	EndGlobalSection
	GlobalSection(SolutionProperties) = preSolution
		HideSolutionNode = FALSE
	EndGlobalSection
EndGlobal
